
Microsoft Visual Studio Solution File, Format Version 12.00
# Visual Studio Version 16
VisualStudioVersion = 16.0.30011.22
MinimumVisualStudioVersion = 10.0.40219.1
Project("{FAE04EC0-301F-11D3-BF4B-00C04F79EFBC}") = "Entidades", "Entidades\Entidades.csproj", "{5DD6BE02-5E8E-4EF8-87BF-B18448D6F34F}"
EndProject
Project("{FAE04EC0-301F-11D3-BF4B-00C04F79EFBC}") = "TestEntidades", "TestEntidades\TestEntidades.csproj", "{9BE0CCD4-D084-4111-8AE9-4C0E57F2D3FC}"
EndProject
Global
	GlobalSection(SolutionConfigurationPlatforms) = preSolution
		Debug|Any CPU = Debug|Any CPU
		Release|Any CPU = Release|Any CPU
	EndGlobalSection
	GlobalSection(ProjectConfigurationPlatforms) = postSolution
		{5DD6BE02-5E8E-4EF8-87BF-B18448D6F34F}.Debug|Any CPU.ActiveCfg = Debug|Any CPU
		{5DD6BE02-5E8E-4EF8-87BF-B18448D6F34F}.Debug|Any CPU.Build.0 = Debug|Any CPU
		{5DD6BE02-5E8E-4EF8-87BF-B18448D6F34F}.Release|Any CPU.ActiveCfg = Release|Any CPU
		{5DD6BE02-5E8E-4EF8-87BF-B18448D6F34F}.Release|Any CPU.Build.0 = Release|Any CPU
		{9BE0CCD4-D084-4111-8AE9-4C0E57F2D3FC}.Debug|Any CPU.ActiveCfg = Debug|Any CPU
		{9BE0CCD4-D084-4111-8AE9-4C0E57F2D3FC}.Debug|Any CPU.Build.0 = Debug|Any CPU
		{9BE0CCD4-D084-4111-8AE9-4C0E57F2D3FC}.Release|Any CPU.ActiveCfg = Release|Any CPU
		{9BE0CCD4-D084-4111-8AE9-4C0E57F2D3FC}.Release|Any CPU.Build.0 = Release|Any CPU
	EndGlobalSection
	GlobalSection(SolutionProperties) = preSolution
		HideSolutionNode = FALSE
	EndGlobalSection
	GlobalSection(ExtensibilityGlobals) = postSolution
		SolutionGuid = {BB335C58-51F0-493E-A9F7-516171F1F5A4}
	EndGlobalSection
EndGlobal
